
Microsoft Visual Studio Solution File, Format Version 12.00
# Visual Studio Version 17
VisualStudioVersion = 17.0.32014.148
MinimumVisualStudioVersion = 10.0.40219.1
Project("{9A19103F-16F7-4668-BE54-9A1E7A4F7556}") = "SeedGenerator", "SeedGenerator\SeedGenerator.csproj", "{32E1CEDF-BA63-423B-9268-EA03C93766C3}"
EndProject
Project("{FAE04EC0-301F-11D3-BF4B-00C04F79EFBC}") = "TestCli", "TestCli\TestCli.csproj", "{99B588A2-4499-471C-878A-3C18E0E98EFE}"
EndProject
Global
	GlobalSection(SolutionConfigurationPlatforms) = preSolution
		Debug|Any CPU = Debug|Any CPU
		Release|Any CPU = Release|Any CPU
	EndGlobalSection
	GlobalSection(ProjectConfigurationPlatforms) = postSolution
		{32E1CEDF-BA63-423B-9268-EA03C93766C3}.Debug|Any CPU.ActiveCfg = Debug|Any CPU
		{32E1CEDF-BA63-423B-9268-EA03C93766C3}.Debug|Any CPU.Build.0 = Debug|Any CPU
		{32E1CEDF-BA63-423B-9268-EA03C93766C3}.Release|Any CPU.ActiveCfg = Release|Any CPU
		{32E1CEDF-BA63-423B-9268-EA03C93766C3}.Release|Any CPU.Build.0 = Release|Any CPU
		{99B588A2-4499-471C-878A-3C18E0E98EFE}.Debug|Any CPU.ActiveCfg = Debug|Any CPU
		{99B588A2-4499-471C-878A-3C18E0E98EFE}.Debug|Any CPU.Build.0 = Debug|Any CPU
		{99B588A2-4499-471C-878A-3C18E0E98EFE}.Release|Any CPU.ActiveCfg = Release|Any CPU
		{99B588A2-4499-471C-878A-3C18E0E98EFE}.Release|Any CPU.Build.0 = Release|Any CPU
	EndGlobalSection
	GlobalSection(SolutionProperties) = preSolution
		HideSolutionNode = FALSE
	EndGlobalSection
	GlobalSection(ExtensibilityGlobals) = postSolution
		SolutionGuid = {A6722411-32C6-4D27-9F4A-304262D32A7D}
	EndGlobalSection
EndGlobal
